
Microsoft Visual Studio Solution File, Format Version 12.00
# Visual Studio Version 17
VisualStudioVersion = 17.0.31903.59
MinimumVisualStudioVersion = 10.0.40219.1
Project("{2150E333-8FDC-42A3-9474-1A3956D46DE8}") = "Microservices", "Microservices", "{60B3F4DC-4FF7-4DB4-A9B7-015D1F2F06E7}"
EndProject
Project("{2150E333-8FDC-42A3-9474-1A3956D46DE8}") = "Domain", "Domain", "{FFAECD7E-443D-445A-A97C-1BAC689B4F57}"
EndProject
Project("{2150E333-8FDC-42A3-9474-1A3956D46DE8}") = "Infra.Bus", "Infra.Bus", "{6896B480-85A8-400F-933E-4BA28E890238}"
EndProject
Project("{2150E333-8FDC-42A3-9474-1A3956D46DE8}") = "Infra.IoC", "Infra.IoC", "{48AE68FF-AD53-456B-84DC-52D59D183B3D}"
EndProject
Project("{2150E333-8FDC-42A3-9474-1A3956D46DE8}") = "Presentation", "Presentation", "{FD9D807C-6C06-4808-8DAE-15A37F09121E}"
EndProject
Project("{9A19103F-16F7-4668-BE54-9A1E7A4F7556}") = "MicroRabbit.Domain.Core", "MicroRabbit.Domain.Core\MicroRabbit.Domain.Core.csproj", "{57DAC089-4B51-49F8-989B-8A25FA49E43D}"
EndProject
Project("{9A19103F-16F7-4668-BE54-9A1E7A4F7556}") = "MicroRabbit.Infra.Bus", "MicroRabbit.Infra.Bus\MicroRabbit.Infra.Bus.csproj", "{548E7260-41B1-41D9-AEFA-C6969F06BAA7}"
EndProject
Project("{FAE04EC0-301F-11D3-BF4B-00C04F79EFBC}") = "MicroRabbit.Infra.IoC", "MicroRabbit.Infra.IoC\MicroRabbit.Infra.IoC.csproj", "{9D07CC34-2351-4D41-A7AC-7D8F167CDD06}"
EndProject
Project("{2150E333-8FDC-42A3-9474-1A3956D46DE8}") = "Banking", "Banking", "{F7C7E601-1A8C-4233-B0B7-47F5E2FBF2E6}"
EndProject
Project("{2150E333-8FDC-42A3-9474-1A3956D46DE8}") = "Api", "Api", "{17A4B126-804B-4BB8-9043-5439EA4C6C9F}"
EndProject
Project("{2150E333-8FDC-42A3-9474-1A3956D46DE8}") = "Domain", "Domain", "{09AB3016-15B3-4358-9A5A-B9EB9CB9C140}"
EndProject
Project("{2150E333-8FDC-42A3-9474-1A3956D46DE8}") = "Application", "Application", "{176E5E3E-FB88-4DF6-9331-BB0C8E31E43C}"
EndProject
Project("{2150E333-8FDC-42A3-9474-1A3956D46DE8}") = "Data", "Data", "{DB3A16C6-2A46-4533-967E-D926C8D54BE5}"
EndProject
Project("{FAE04EC0-301F-11D3-BF4B-00C04F79EFBC}") = "MicroRabbit.Banking.Api", "MicroRabbit.Banking.Api\MicroRabbit.Banking.Api.csproj", "{0DDA2386-3F81-441B-BA33-C055F248CB3A}"
EndProject
Project("{FAE04EC0-301F-11D3-BF4B-00C04F79EFBC}") = "MicroRabbit.Banking.Application", "MicroRabbit.Banking.Application\MicroRabbit.Banking.Application.csproj", "{8F3E841F-A843-4D2C-B9ED-152E167C993C}"
EndProject
Project("{FAE04EC0-301F-11D3-BF4B-00C04F79EFBC}") = "MicroRabbit.Banking.Data", "MicroRabbit.Banking.Data\MicroRabbit.Banking.Data.csproj", "{E392046D-9584-4AD9-983B-6AC38DE0D543}"
EndProject
Project("{FAE04EC0-301F-11D3-BF4B-00C04F79EFBC}") = "MicroRabbit.Banking.Domain", "MicroRabbit.Banking.Domain\MicroRabbit.Banking.Domain.csproj", "{E821537C-DE9C-4F84-8BE0-073EA9EF6A37}"
EndProject
Global
	GlobalSection(SolutionConfigurationPlatforms) = preSolution
		Debug|Any CPU = Debug|Any CPU
		Release|Any CPU = Release|Any CPU
	EndGlobalSection
	GlobalSection(ProjectConfigurationPlatforms) = postSolution
		{57DAC089-4B51-49F8-989B-8A25FA49E43D}.Debug|Any CPU.ActiveCfg = Debug|Any CPU
		{57DAC089-4B51-49F8-989B-8A25FA49E43D}.Debug|Any CPU.Build.0 = Debug|Any CPU
		{57DAC089-4B51-49F8-989B-8A25FA49E43D}.Release|Any CPU.ActiveCfg = Release|Any CPU
		{57DAC089-4B51-49F8-989B-8A25FA49E43D}.Release|Any CPU.Build.0 = Release|Any CPU
		{548E7260-41B1-41D9-AEFA-C6969F06BAA7}.Debug|Any CPU.ActiveCfg = Debug|Any CPU
		{548E7260-41B1-41D9-AEFA-C6969F06BAA7}.Debug|Any CPU.Build.0 = Debug|Any CPU
		{548E7260-41B1-41D9-AEFA-C6969F06BAA7}.Release|Any CPU.ActiveCfg = Release|Any CPU
		{548E7260-41B1-41D9-AEFA-C6969F06BAA7}.Release|Any CPU.Build.0 = Release|Any CPU
		{9D07CC34-2351-4D41-A7AC-7D8F167CDD06}.Debug|Any CPU.ActiveCfg = Debug|Any CPU
		{9D07CC34-2351-4D41-A7AC-7D8F167CDD06}.Debug|Any CPU.Build.0 = Debug|Any CPU
		{9D07CC34-2351-4D41-A7AC-7D8F167CDD06}.Release|Any CPU.ActiveCfg = Release|Any CPU
		{9D07CC34-2351-4D41-A7AC-7D8F167CDD06}.Release|Any CPU.Build.0 = Release|Any CPU
		{0DDA2386-3F81-441B-BA33-C055F248CB3A}.Debug|Any CPU.ActiveCfg = Debug|Any CPU
		{0DDA2386-3F81-441B-BA33-C055F248CB3A}.Debug|Any CPU.Build.0 = Debug|Any CPU
		{0DDA2386-3F81-441B-BA33-C055F248CB3A}.Release|Any CPU.ActiveCfg = Release|Any CPU
		{0DDA2386-3F81-441B-BA33-C055F248CB3A}.Release|Any CPU.Build.0 = Release|Any CPU
		{8F3E841F-A843-4D2C-B9ED-152E167C993C}.Debug|Any CPU.ActiveCfg = Debug|Any CPU
		{8F3E841F-A843-4D2C-B9ED-152E167C993C}.Debug|Any CPU.Build.0 = Debug|Any CPU
		{8F3E841F-A843-4D2C-B9ED-152E167C993C}.Release|Any CPU.ActiveCfg = Release|Any CPU
		{8F3E841F-A843-4D2C-B9ED-152E167C993C}.Release|Any CPU.Build.0 = Release|Any CPU
		{E392046D-9584-4AD9-983B-6AC38DE0D543}.Debug|Any CPU.ActiveCfg = Debug|Any CPU
		{E392046D-9584-4AD9-983B-6AC38DE0D543}.Debug|Any CPU.Build.0 = Debug|Any CPU
		{E392046D-9584-4AD9-983B-6AC38DE0D543}.Release|Any CPU.ActiveCfg = Release|Any CPU
		{E392046D-9584-4AD9-983B-6AC38DE0D543}.Release|Any CPU.Build.0 = Release|Any CPU
		{E821537C-DE9C-4F84-8BE0-073EA9EF6A37}.Debug|Any CPU.ActiveCfg = Debug|Any CPU
		{E821537C-DE9C-4F84-8BE0-073EA9EF6A37}.Debug|Any CPU.Build.0 = Debug|Any CPU
		{E821537C-DE9C-4F84-8BE0-073EA9EF6A37}.Release|Any CPU.ActiveCfg = Release|Any CPU
		{E821537C-DE9C-4F84-8BE0-073EA9EF6A37}.Release|Any CPU.Build.0 = Release|Any CPU
	EndGlobalSection
	GlobalSection(SolutionProperties) = preSolution
		HideSolutionNode = FALSE
	EndGlobalSection
	GlobalSection(NestedProjects) = preSolution
		{57DAC089-4B51-49F8-989B-8A25FA49E43D} = {FFAECD7E-443D-445A-A97C-1BAC689B4F57}
		{548E7260-41B1-41D9-AEFA-C6969F06BAA7} = {6896B480-85A8-400F-933E-4BA28E890238}
		{9D07CC34-2351-4D41-A7AC-7D8F167CDD06} = {48AE68FF-AD53-456B-84DC-52D59D183B3D}
		{F7C7E601-1A8C-4233-B0B7-47F5E2FBF2E6} = {60B3F4DC-4FF7-4DB4-A9B7-015D1F2F06E7}
		{17A4B126-804B-4BB8-9043-5439EA4C6C9F} = {F7C7E601-1A8C-4233-B0B7-47F5E2FBF2E6}
		{09AB3016-15B3-4358-9A5A-B9EB9CB9C140} = {F7C7E601-1A8C-4233-B0B7-47F5E2FBF2E6}
		{176E5E3E-FB88-4DF6-9331-BB0C8E31E43C} = {F7C7E601-1A8C-4233-B0B7-47F5E2FBF2E6}
		{DB3A16C6-2A46-4533-967E-D926C8D54BE5} = {F7C7E601-1A8C-4233-B0B7-47F5E2FBF2E6}
		{0DDA2386-3F81-441B-BA33-C055F248CB3A} = {17A4B126-804B-4BB8-9043-5439EA4C6C9F}
		{8F3E841F-A843-4D2C-B9ED-152E167C993C} = {176E5E3E-FB88-4DF6-9331-BB0C8E31E43C}
		{E392046D-9584-4AD9-983B-6AC38DE0D543} = {DB3A16C6-2A46-4533-967E-D926C8D54BE5}
		{E821537C-DE9C-4F84-8BE0-073EA9EF6A37} = {09AB3016-15B3-4358-9A5A-B9EB9CB9C140}
	EndGlobalSection
	GlobalSection(ExtensibilityGlobals) = postSolution
		SolutionGuid = {676EB9FA-711E-4759-93E1-BE075151F1EB}
	EndGlobalSection
EndGlobal
